// !$*UTF8*$!
{
	archiveVersion = 1;
	classes = {
	};
	objectVersion = 46;
	objects = {

/* Begin PBXBuildFile section */
		223807631744F1FD0057E044 /* Cocoa.framework in Frameworks */ = {isa = PBXBuildFile; fileRef = 223807621744F1FD0057E044 /* Cocoa.framework */; };
		2238076D1744F1FD0057E044 /* InfoPlist.strings in Resources */ = {isa = PBXBuildFile; fileRef = 2238076B1744F1FD0057E044 /* InfoPlist.strings */; };
		223807791744F1FE0057E044 /* SenTestingKit.framework in Frameworks */ = {isa = PBXBuildFile; fileRef = 223807781744F1FE0057E044 /* SenTestingKit.framework */; };
		2238077A1744F1FE0057E044 /* Cocoa.framework in Frameworks */ = {isa = PBXBuildFile; fileRef = 223807621744F1FD0057E044 /* Cocoa.framework */; };
		2238077D1744F1FE0057E044 /* KSFTPDirectoryParser.framework in Frameworks */ = {isa = PBXBuildFile; fileRef = 2238075F1744F1FD0057E044 /* KSFTPDirectoryParser.framework */; };
		223807831744F1FE0057E044 /* InfoPlist.strings in Resources */ = {isa = PBXBuildFile; fileRef = 223807811744F1FE0057E044 /* InfoPlist.strings */; };
		223807861744F1FE0057E044 /* KSFTPDirectoryParserTests.mm in Sources */ = {isa = PBXBuildFile; fileRef = 223807851744F1FE0057E044 /* KSFTPDirectoryParserTests.mm */; };
		223807981744F3450057E044 /* ASCIICType.h in Headers */ = {isa = PBXBuildFile; fileRef = 223807941744F3450057E044 /* ASCIICType.h */; };
		223807991744F3450057E044 /* WTFString.mm in Sources */ = {isa = PBXBuildFile; fileRef = 223807961744F3450057E044 /* WTFString.mm */; };
		2238079A1744F3450057E044 /* WTFString.h in Headers */ = {isa = PBXBuildFile; fileRef = 223807971744F3450057E044 /* WTFString.h */; };
		2238079D1744F3BD0057E044 /* FTPDirectoryParser.h in Headers */ = {isa = PBXBuildFile; fileRef = 2238079B1744F3BD0057E044 /* FTPDirectoryParser.h */; settings = {ATTRIBUTES = (Public, ); }; };
		2238079E1744F3BD0057E044 /* FTPDirectoryParser.mm in Sources */ = {isa = PBXBuildFile; fileRef = 2238079C1744F3BD0057E044 /* FTPDirectoryParser.mm */; };
		223807A41744F5AD0057E044 /* Compatibility.h in Headers */ = {isa = PBXBuildFile; fileRef = 223807A31744F5AC0057E044 /* Compatibility.h */; };
		223807AA1744FC760057E044 /* KSFTPDirectoryParser.h in Headers */ = {isa = PBXBuildFile; fileRef = 223807A81744FC760057E044 /* KSFTPDirectoryParser.h */; settings = {ATTRIBUTES = (Public, ); }; };
		223807AB1744FC760057E044 /* KSFTPDirectoryParser.mm in Sources */ = {isa = PBXBuildFile; fileRef = 223807A91744FC760057E044 /* KSFTPDirectoryParser.mm */; };
/* End PBXBuildFile section */

/* Begin PBXContainerItemProxy section */
		2238077B1744F1FE0057E044 /* PBXContainerItemProxy */ = {
			isa = PBXContainerItemProxy;
			containerPortal = 223807561744F1FD0057E044 /* Project object */;
			proxyType = 1;
			remoteGlobalIDString = 2238075E1744F1FD0057E044;
			remoteInfo = KSFTPParser;
		};
/* End PBXContainerItemProxy section */

/* Begin PBXFileReference section */
		2238075F1744F1FD0057E044 /* KSFTPDirectoryParser.framework */ = {isa = PBXFileReference; explicitFileType = wrapper.framework; includeInIndex = 0; path = KSFTPDirectoryParser.framework; sourceTree = BUILT_PRODUCTS_DIR; };
		223807621744F1FD0057E044 /* Cocoa.framework */ = {isa = PBXFileReference; lastKnownFileType = wrapper.framework; name = Cocoa.framework; path = System/Library/Frameworks/Cocoa.framework; sourceTree = SDKROOT; };
		223807651744F1FD0057E044 /* AppKit.framework */ = {isa = PBXFileReference; lastKnownFileType = wrapper.framework; name = AppKit.framework; path = System/Library/Frameworks/AppKit.framework; sourceTree = SDKROOT; };
		223807661744F1FD0057E044 /* CoreData.framework */ = {isa = PBXFileReference; lastKnownFileType = wrapper.framework; name = CoreData.framework; path = System/Library/Frameworks/CoreData.framework; sourceTree = SDKROOT; };
		223807671744F1FD0057E044 /* Foundation.framework */ = {isa = PBXFileReference; lastKnownFileType = wrapper.framework; name = Foundation.framework; path = System/Library/Frameworks/Foundation.framework; sourceTree = SDKROOT; };
		2238076A1744F1FD0057E044 /* Info.plist */ = {isa = PBXFileReference; lastKnownFileType = text.plist.xml; path = Info.plist; sourceTree = "<group>"; };
		2238076C1744F1FD0057E044 /* en */ = {isa = PBXFileReference; lastKnownFileType = text.plist.strings; name = en; path = en.lproj/InfoPlist.strings; sourceTree = "<group>"; };
		2238076E1744F1FD0057E044 /* Prefix.pch */ = {isa = PBXFileReference; lastKnownFileType = sourcecode.c.h; path = Prefix.pch; sourceTree = "<group>"; };
		223807771744F1FE0057E044 /* KSFTPParserTests.octest */ = {isa = PBXFileReference; explicitFileType = wrapper.cfbundle; includeInIndex = 0; name = KSFTPParserTests.octest; path = KSFTPDirectoryParserTests.octest; sourceTree = BUILT_PRODUCTS_DIR; };
		223807781744F1FE0057E044 /* SenTestingKit.framework */ = {isa = PBXFileReference; lastKnownFileType = wrapper.framework; name = SenTestingKit.framework; path = Library/Frameworks/SenTestingKit.framework; sourceTree = DEVELOPER_DIR; };
		223807801744F1FE0057E044 /* Info.plist */ = {isa = PBXFileReference; lastKnownFileType = text.plist.xml; path = Info.plist; sourceTree = "<group>"; };
		223807821744F1FE0057E044 /* en */ = {isa = PBXFileReference; lastKnownFileType = text.plist.strings; name = en; path = en.lproj/InfoPlist.strings; sourceTree = "<group>"; };
		223807841744F1FE0057E044 /* FTPDirectoryParserTests.mm */ = {isa = PBXFileReference; lastKnownFileType = sourcecode.cpp.objcpp; path = FTPDirectoryParserTests.mm; sourceTree = "<group>"; };
		223807851744F1FE0057E044 /* KSFTPDirectoryParserTests.mm */ = {isa = PBXFileReference; lastKnownFileType = sourcecode.cpp.objcpp; path = KSFTPDirectoryParserTests.mm; sourceTree = "<group>"; };
		223807941744F3450057E044 /* ASCIICType.h */ = {isa = PBXFileReference; fileEncoding = 4; lastKnownFileType = sourcecode.c.h; path = ASCIICType.h; sourceTree = "<group>"; };
		223807961744F3450057E044 /* WTFString.mm */ = {isa = PBXFileReference; fileEncoding = 4; lastKnownFileType = sourcecode.cpp.objcpp; path = WTFString.mm; sourceTree = "<group>"; };
		223807971744F3450057E044 /* WTFString.h */ = {isa = PBXFileReference; fileEncoding = 4; lastKnownFileType = sourcecode.c.h; path = WTFString.h; sourceTree = "<group>"; };
		2238079B1744F3BD0057E044 /* FTPDirectoryParser.h */ = {isa = PBXFileReference; fileEncoding = 4; lastKnownFileType = sourcecode.c.h; path = FTPDirectoryParser.h; sourceTree = "<group>"; };
		2238079C1744F3BD0057E044 /* FTPDirectoryParser.mm */ = {isa = PBXFileReference; fileEncoding = 4; lastKnownFileType = sourcecode.cpp.objcpp; path = FTPDirectoryParser.mm; sourceTree = "<group>"; };
		223807A31744F5AC0057E044 /* Compatibility.h */ = {isa = PBXFileReference; fileEncoding = 4; lastKnownFileType = sourcecode.c.h; path = Compatibility.h; sourceTree = "<group>"; };
		223807A81744FC760057E044 /* KSFTPDirectoryParser.h */ = {isa = PBXFileReference; fileEncoding = 4; lastKnownFileType = sourcecode.c.h; path = KSFTPDirectoryParser.h; sourceTree = "<group>"; };
		223807A91744FC760057E044 /* KSFTPDirectoryParser.mm */ = {isa = PBXFileReference; fileEncoding = 4; lastKnownFileType = sourcecode.cpp.objcpp; path = KSFTPDirectoryParser.mm; sourceTree = "<group>"; };
/* End PBXFileReference section */

/* Begin PBXFrameworksBuildPhase section */
		2238075B1744F1FD0057E044 /* Frameworks */ = {
			isa = PBXFrameworksBuildPhase;
			buildActionMask = 2147483647;
			files = (
				223807631744F1FD0057E044 /* Cocoa.framework in Frameworks */,
			);
			runOnlyForDeploymentPostprocessing = 0;
		};
		223807731744F1FD0057E044 /* Frameworks */ = {
			isa = PBXFrameworksBuildPhase;
			buildActionMask = 2147483647;
			files = (
				223807791744F1FE0057E044 /* SenTestingKit.framework in Frameworks */,
				2238077A1744F1FE0057E044 /* Cocoa.framework in Frameworks */,
				2238077D1744F1FE0057E044 /* KSFTPDirectoryParser.framework in Frameworks */,
			);
			runOnlyForDeploymentPostprocessing = 0;
		};
/* End PBXFrameworksBuildPhase section */

/* Begin PBXGroup section */
		223807551744F1FD0057E044 = {
			isa = PBXGroup;
			children = (
				223807681744F1FD0057E044 /* Source */,
				2238077E1744F1FE0057E044 /* Tests */,
				223807611744F1FD0057E044 /* Frameworks */,
				223807601744F1FD0057E044 /* Products */,
			);
			sourceTree = "<group>";
		};
		223807601744F1FD0057E044 /* Products */ = {
			isa = PBXGroup;
			children = (
				2238075F1744F1FD0057E044 /* KSFTPDirectoryParser.framework */,
				223807771744F1FE0057E044 /* KSFTPParserTests.octest */,
			);
			name = Products;
			sourceTree = "<group>";
		};
		223807611744F1FD0057E044 /* Frameworks */ = {
			isa = PBXGroup;
			children = (
				223807621744F1FD0057E044 /* Cocoa.framework */,
				223807781744F1FE0057E044 /* SenTestingKit.framework */,
				223807641744F1FD0057E044 /* Other Frameworks */,
			);
			name = Frameworks;
			sourceTree = "<group>";
		};
		223807641744F1FD0057E044 /* Other Frameworks */ = {
			isa = PBXGroup;
			children = (
				223807651744F1FD0057E044 /* AppKit.framework */,
				223807661744F1FD0057E044 /* CoreData.framework */,
				223807671744F1FD0057E044 /* Foundation.framework */,
			);
			name = "Other Frameworks";
			sourceTree = "<group>";
		};
		223807681744F1FD0057E044 /* Source */ = {
			isa = PBXGroup;
			children = (
				223807A81744FC760057E044 /* KSFTPDirectoryParser.h */,
				223807A91744FC760057E044 /* KSFTPDirectoryParser.mm */,
				2238079B1744F3BD0057E044 /* FTPDirectoryParser.h */,
				2238079C1744F3BD0057E044 /* FTPDirectoryParser.mm */,
				223807A31744F5AC0057E044 /* Compatibility.h */,
				223807931744F3450057E044 /* wtf */,
				223807691744F1FD0057E044 /* Supporting Files */,
			);
			path = Source;
			sourceTree = "<group>";
		};
		223807691744F1FD0057E044 /* Supporting Files */ = {
			isa = PBXGroup;
			children = (
				2238076A1744F1FD0057E044 /* Info.plist */,
				2238076B1744F1FD0057E044 /* InfoPlist.strings */,
				2238076E1744F1FD0057E044 /* Prefix.pch */,
			);
			name = "Supporting Files";
			sourceTree = "<group>";
		};
		2238077E1744F1FE0057E044 /* Tests */ = {
			isa = PBXGroup;
			children = (
				223807841744F1FE0057E044 /* FTPDirectoryParserTests.mm */,
				223807851744F1FE0057E044 /* KSFTPDirectoryParserTests.mm */,
				2238077F1744F1FE0057E044 /* Supporting Files */,
			);
			path = Tests;
			sourceTree = "<group>";
		};
		2238077F1744F1FE0057E044 /* Supporting Files */ = {
			isa = PBXGroup;
			children = (
				223807801744F1FE0057E044 /* Info.plist */,
				223807811744F1FE0057E044 /* InfoPlist.strings */,
			);
			name = "Supporting Files";
			sourceTree = "<group>";
		};
		223807931744F3450057E044 /* wtf */ = {
			isa = PBXGroup;
			children = (
				223807941744F3450057E044 /* ASCIICType.h */,
				223807951744F3450057E044 /* text */,
			);
			path = wtf;
			sourceTree = "<group>";
		};
		223807951744F3450057E044 /* text */ = {
			isa = PBXGroup;
			children = (
				223807961744F3450057E044 /* WTFString.mm */,
				223807971744F3450057E044 /* WTFString.h */,
			);
			path = text;
			sourceTree = "<group>";
		};
/* End PBXGroup section */

/* Begin PBXHeadersBuildPhase section */
		2238075C1744F1FD0057E044 /* Headers */ = {
			isa = PBXHeadersBuildPhase;
			buildActionMask = 2147483647;
			files = (
				223807981744F3450057E044 /* ASCIICType.h in Headers */,
				2238079A1744F3450057E044 /* WTFString.h in Headers */,
				2238079D1744F3BD0057E044 /* FTPDirectoryParser.h in Headers */,
				223807A41744F5AD0057E044 /* Compatibility.h in Headers */,
				223807AA1744FC760057E044 /* KSFTPDirectoryParser.h in Headers */,
			);
			runOnlyForDeploymentPostprocessing = 0;
		};
/* End PBXHeadersBuildPhase section */

/* Begin PBXNativeTarget section */
		2238075E1744F1FD0057E044 /* KSFTPDirectoryParser */ = {
			isa = PBXNativeTarget;
			buildConfigurationList = 223807891744F1FE0057E044 /* Build configuration list for PBXNativeTarget "KSFTPDirectoryParser" */;
			buildPhases = (
				2238075A1744F1FD0057E044 /* Sources */,
				2238075B1744F1FD0057E044 /* Frameworks */,
				2238075C1744F1FD0057E044 /* Headers */,
				2238075D1744F1FD0057E044 /* Resources */,
			);
			buildRules = (
			);
			dependencies = (
			);
			name = KSFTPDirectoryParser;
			productName = KSFTPParser;
			productReference = 2238075F1744F1FD0057E044 /* KSFTPDirectoryParser.framework */;
			productType = "com.apple.product-type.framework";
		};
		223807761744F1FD0057E044 /* KSFTPDirectoryParserTests */ = {
			isa = PBXNativeTarget;
			buildConfigurationList = 2238078C1744F1FE0057E044 /* Build configuration list for PBXNativeTarget "KSFTPDirectoryParserTests" */;
			buildPhases = (
				223807721744F1FD0057E044 /* Sources */,
				223807731744F1FD0057E044 /* Frameworks */,
				223807741744F1FD0057E044 /* Resources */,
				223807751744F1FD0057E044 /* ShellScript */,
			);
			buildRules = (
			);
			dependencies = (
				2238077C1744F1FE0057E044 /* PBXTargetDependency */,
			);
			name = KSFTPDirectoryParserTests;
			productName = KSFTPParserTests;
			productReference = 223807771744F1FE0057E044 /* KSFTPParserTests.octest */;
			productType = "com.apple.product-type.bundle";
		};
/* End PBXNativeTarget section */

/* Begin PBXProject section */
		223807561744F1FD0057E044 /* Project object */ = {
			isa = PBXProject;
			attributes = {
				LastUpgradeCheck = 0460;
				ORGANIZATIONNAME = Karelia;
			};
			buildConfigurationList = 223807591744F1FD0057E044 /* Build configuration list for PBXProject "KSFTPDirectoryParser" */;
			compatibilityVersion = "Xcode 3.2";
			developmentRegion = English;
			hasScannedForEncodings = 0;
			knownRegions = (
				en,
			);
			mainGroup = 223807551744F1FD0057E044;
			productRefGroup = 223807601744F1FD0057E044 /* Products */;
			projectDirPath = "";
			projectRoot = "";
			targets = (
				2238075E1744F1FD0057E044 /* KSFTPDirectoryParser */,
				223807761744F1FD0057E044 /* KSFTPDirectoryParserTests */,
			);
		};
/* End PBXProject section */

/* Begin PBXResourcesBuildPhase section */
		2238075D1744F1FD0057E044 /* Resources */ = {
			isa = PBXResourcesBuildPhase;
			buildActionMask = 2147483647;
			files = (
				2238076D1744F1FD0057E044 /* InfoPlist.strings in Resources */,
			);
			runOnlyForDeploymentPostprocessing = 0;
		};
		223807741744F1FD0057E044 /* Resources */ = {
			isa = PBXResourcesBuildPhase;
			buildActionMask = 2147483647;
			files = (
				223807831744F1FE0057E044 /* InfoPlist.strings in Resources */,
			);
			runOnlyForDeploymentPostprocessing = 0;
		};
/* End PBXResourcesBuildPhase section */

/* Begin PBXShellScriptBuildPhase section */
		223807751744F1FD0057E044 /* ShellScript */ = {
			isa = PBXShellScriptBuildPhase;
			buildActionMask = 2147483647;
			files = (
			);
			inputPaths = (
			);
			outputPaths = (
			);
			runOnlyForDeploymentPostprocessing = 0;
			shellPath = /bin/sh;
			shellScript = "# Run the unit tests in this test bundle.\n\"${SYSTEM_DEVELOPER_DIR}/Tools/RunUnitTests\"\n";
			showEnvVarsInLog = 0;
		};
/* End PBXShellScriptBuildPhase section */

/* Begin PBXSourcesBuildPhase section */
		2238075A1744F1FD0057E044 /* Sources */ = {
			isa = PBXSourcesBuildPhase;
			buildActionMask = 2147483647;
			files = (
				223807991744F3450057E044 /* WTFString.mm in Sources */,
				2238079E1744F3BD0057E044 /* FTPDirectoryParser.mm in Sources */,
				223807AB1744FC760057E044 /* KSFTPDirectoryParser.mm in Sources */,
			);
			runOnlyForDeploymentPostprocessing = 0;
		};
		223807721744F1FD0057E044 /* Sources */ = {
			isa = PBXSourcesBuildPhase;
			buildActionMask = 2147483647;
			files = (
				223807861744F1FE0057E044 /* KSFTPDirectoryParserTests.mm in Sources */,
			);
			runOnlyForDeploymentPostprocessing = 0;
		};
/* End PBXSourcesBuildPhase section */

/* Begin PBXTargetDependency section */
		2238077C1744F1FE0057E044 /* PBXTargetDependency */ = {
			isa = PBXTargetDependency;
			target = 2238075E1744F1FD0057E044 /* KSFTPDirectoryParser */;
			targetProxy = 2238077B1744F1FE0057E044 /* PBXContainerItemProxy */;
		};
/* End PBXTargetDependency section */

/* Begin PBXVariantGroup section */
		2238076B1744F1FD0057E044 /* InfoPlist.strings */ = {
			isa = PBXVariantGroup;
			children = (
				2238076C1744F1FD0057E044 /* en */,
			);
			name = InfoPlist.strings;
			sourceTree = "<group>";
		};
		223807811744F1FE0057E044 /* InfoPlist.strings */ = {
			isa = PBXVariantGroup;
			children = (
				223807821744F1FE0057E044 /* en */,
			);
			name = InfoPlist.strings;
			sourceTree = "<group>";
		};
/* End PBXVariantGroup section */

/* Begin XCBuildConfiguration section */
		223807871744F1FE0057E044 /* Debug */ = {
			isa = XCBuildConfiguration;
			buildSettings = {
				ALWAYS_SEARCH_USER_PATHS = NO;
				ARCHS = "$(ARCHS_STANDARD_64_BIT)";
				CLANG_CXX_LANGUAGE_STANDARD = "gnu++0x";
				CLANG_CXX_LIBRARY = "libc++";
				CLANG_WARN_CONSTANT_CONVERSION = YES;
				CLANG_WARN_EMPTY_BODY = YES;
				CLANG_WARN_ENUM_CONVERSION = YES;
				CLANG_WARN_INT_CONVERSION = YES;
				CLANG_WARN__DUPLICATE_METHOD_MATCH = YES;
				COPY_PHASE_STRIP = NO;
				GCC_C_LANGUAGE_STANDARD = gnu99;
				GCC_DYNAMIC_NO_PIC = NO;
				GCC_ENABLE_OBJC_EXCEPTIONS = YES;
				GCC_OPTIMIZATION_LEVEL = 0;
				GCC_PREPROCESSOR_DEFINITIONS = (
					"DEBUG=1",
					"$(inherited)",
				);
				GCC_SYMBOLS_PRIVATE_EXTERN = NO;
				GCC_TREAT_WARNINGS_AS_ERRORS = YES;
				GCC_WARN_ABOUT_RETURN_TYPE = YES;
				GCC_WARN_UNINITIALIZED_AUTOS = YES;
				GCC_WARN_UNUSED_VARIABLE = YES;
				HEADER_SEARCH_PATHS = "$(SRCROOT)/Source";
				MACOSX_DEPLOYMENT_TARGET = 10.8;
				ONLY_ACTIVE_ARCH = YES;
				SDKROOT = macosx;
			};
			name = Debug;
		};
		223807881744F1FE0057E044 /* Release */ = {
			isa = XCBuildConfiguration;
			buildSettings = {
				ALWAYS_SEARCH_USER_PATHS = NO;
				ARCHS = "$(ARCHS_STANDARD_64_BIT)";
				CLANG_CXX_LANGUAGE_STANDARD = "gnu++0x";
				CLANG_CXX_LIBRARY = "libc++";
				CLANG_WARN_CONSTANT_CONVERSION = YES;
				CLANG_WARN_EMPTY_BODY = YES;
				CLANG_WARN_ENUM_CONVERSION = YES;
				CLANG_WARN_INT_CONVERSION = YES;
				CLANG_WARN__DUPLICATE_METHOD_MATCH = YES;
				COPY_PHASE_STRIP = YES;
				DEBUG_INFORMATION_FORMAT = "dwarf-with-dsym";
				GCC_C_LANGUAGE_STANDARD = gnu99;
				GCC_ENABLE_OBJC_EXCEPTIONS = YES;
				GCC_TREAT_WARNINGS_AS_ERRORS = YES;
				GCC_WARN_ABOUT_RETURN_TYPE = YES;
				GCC_WARN_UNINITIALIZED_AUTOS = YES;
				GCC_WARN_UNUSED_VARIABLE = YES;
				HEADER_SEARCH_PATHS = "$(SRCROOT)/Source";
				MACOSX_DEPLOYMENT_TARGET = 10.8;
				SDKROOT = macosx;
			};
			name = Release;
		};
		2238078A1744F1FE0057E044 /* Debug */ = {
			isa = XCBuildConfiguration;
			buildSettings = {
				COMBINE_HIDPI_IMAGES = YES;
				DYLIB_COMPATIBILITY_VERSION = 1;
				DYLIB_CURRENT_VERSION = 1;
				FRAMEWORK_VERSION = A;
				GCC_PRECOMPILE_PREFIX_HEADER = YES;
				GCC_PREFIX_HEADER = Source/Prefix.pch;
				INFOPLIST_FILE = Source/Info.plist;
				PRODUCT_NAME = "$(TARGET_NAME)";
				RUN_CLANG_STATIC_ANALYZER = YES;
				WRAPPER_EXTENSION = framework;
			};
			name = Debug;
		};
		2238078B1744F1FE0057E044 /* Release */ = {
			isa = XCBuildConfiguration;
			buildSettings = {
				COMBINE_HIDPI_IMAGES = YES;
				DYLIB_COMPATIBILITY_VERSION = 1;
				DYLIB_CURRENT_VERSION = 1;
				FRAMEWORK_VERSION = A;
				GCC_PRECOMPILE_PREFIX_HEADER = YES;
				GCC_PREFIX_HEADER = Source/Prefix.pch;
				INFOPLIST_FILE = Source/Info.plist;
				PRODUCT_NAME = "$(TARGET_NAME)";
				RUN_CLANG_STATIC_ANALYZER = YES;
				WRAPPER_EXTENSION = framework;
			};
			name = Release;
		};
		2238078D1744F1FE0057E044 /* Debug */ = {
			isa = XCBuildConfiguration;
			buildSettings = {
				COMBINE_HIDPI_IMAGES = YES;
				FRAMEWORK_SEARCH_PATHS = "\"$(DEVELOPER_LIBRARY_DIR)/Frameworks\"";
				GCC_PRECOMPILE_PREFIX_HEADER = YES;
				GCC_PREFIX_HEADER = Source/Prefix.pch;
				INFOPLIST_FILE = Tests/Info.plist;
				PRODUCT_NAME = "$(TARGET_NAME)";
				WRAPPER_EXTENSION = octest;
			};
			name = Debug;
		};
		2238078E1744F1FE0057E044 /* Release */ = {
			isa = XCBuildConfiguration;
			buildSettings = {
				COMBINE_HIDPI_IMAGES = YES;
				FRAMEWORK_SEARCH_PATHS = "\"$(DEVELOPER_LIBRARY_DIR)/Frameworks\"";
				GCC_PRECOMPILE_PREFIX_HEADER = YES;
				GCC_PREFIX_HEADER = Source/Prefix.pch;
				INFOPLIST_FILE = Tests/Info.plist;
				PRODUCT_NAME = "$(TARGET_NAME)";
				WRAPPER_EXTENSION = octest;
			};
			name = Release;
		};
/* End XCBuildConfiguration section */

/* Begin XCConfigurationList section */
		223807591744F1FD0057E044 /* Build configuration list for PBXProject "KSFTPDirectoryParser" */ = {
			isa = XCConfigurationList;
			buildConfigurations = (
				223807871744F1FE0057E044 /* Debug */,
				223807881744F1FE0057E044 /* Release */,
			);
			defaultConfigurationIsVisible = 0;
			defaultConfigurationName = Release;
		};
		223807891744F1FE0057E044 /* Build configuration list for PBXNativeTarget "KSFTPDirectoryParser" */ = {
			isa = XCConfigurationList;
			buildConfigurations = (
				2238078A1744F1FE0057E044 /* Debug */,
				2238078B1744F1FE0057E044 /* Release */,
			);
			defaultConfigurationIsVisible = 0;
			defaultConfigurationName = Release;
		};
		2238078C1744F1FE0057E044 /* Build configuration list for PBXNativeTarget "KSFTPDirectoryParserTests" */ = {
			isa = XCConfigurationList;
			buildConfigurations = (
				2238078D1744F1FE0057E044 /* Debug */,
				2238078E1744F1FE0057E044 /* Release */,
			);
			defaultConfigurationIsVisible = 0;
			defaultConfigurationName = Release;
		};
/* End XCConfigurationList section */
	};
	rootObject = 223807561744F1FD0057E044 /* Project object */;
}
